
Microsoft Visual Studio Solution File, Format Version 12.00
# Visual Studio Version 17
VisualStudioVersion = 17.3.32819.101
MinimumVisualStudioVersion = 10.0.40219.1
Project("{FAE04EC0-301F-11D3-BF4B-00C04F79EFBC}") = "CodeAlongCalculator", "CodeAlongCalculator\CodeAlongCalculator.csproj", "{8AD39718-7F9D-4141-A045-DE4C95DF4AFA}"
EndProject
Global
	GlobalSection(SolutionConfigurationPlatforms) = preSolution
		Debug|Any CPU = Debug|Any CPU
		Release|Any CPU = Release|Any CPU
	EndGlobalSection
	GlobalSection(ProjectConfigurationPlatforms) = postSolution
		{8AD39718-7F9D-4141-A045-DE4C95DF4AFA}.Debug|Any CPU.ActiveCfg = Debug|Any CPU
		{8AD39718-7F9D-4141-A045-DE4C95DF4AFA}.Debug|Any CPU.Build.0 = Debug|Any CPU
		{8AD39718-7F9D-4141-A045-DE4C95DF4AFA}.Release|Any CPU.ActiveCfg = Release|Any CPU
		{8AD39718-7F9D-4141-A045-DE4C95DF4AFA}.Release|Any CPU.Build.0 = Release|Any CPU
	EndGlobalSection
	GlobalSection(SolutionProperties) = preSolution
		HideSolutionNode = FALSE
	EndGlobalSection
	GlobalSection(ExtensibilityGlobals) = postSolution
		SolutionGuid = {6D967EEE-5A36-4A96-826B-A8B94872CFE0}
	EndGlobalSection
EndGlobal
